
Microsoft Visual Studio Solution File, Format Version 12.00
# Visual Studio 14
VisualStudioVersion = 14.0.25420.1
MinimumVisualStudioVersion = 10.0.40219.1
Project("{CC5FD16D-436D-48AD-A40C-5A424C6E3E79}") = "DungeonHub2", "DungeonHub2\DungeonHub2.ccproj", "{A3DB3196-C78C-4B76-854B-4F1CCDA26E8F}"
EndProject
Project("{FAE04EC0-301F-11D3-BF4B-00C04F79EFBC}") = "DungeonHubHelloWorld", "DungeonHubHelloWorld\DungeonHubHelloWorld.csproj", "{8EC13B28-BCCC-49C1-95F4-9982B6EAB7E2}"
EndProject
Global
	GlobalSection(SolutionConfigurationPlatforms) = preSolution
		Debug|Any CPU = Debug|Any CPU
		Release|Any CPU = Release|Any CPU
	EndGlobalSection
	GlobalSection(ProjectConfigurationPlatforms) = postSolution
		{A3DB3196-C78C-4B76-854B-4F1CCDA26E8F}.Debug|Any CPU.ActiveCfg = Debug|Any CPU
		{A3DB3196-C78C-4B76-854B-4F1CCDA26E8F}.Debug|Any CPU.Build.0 = Debug|Any CPU
		{A3DB3196-C78C-4B76-854B-4F1CCDA26E8F}.Release|Any CPU.ActiveCfg = Release|Any CPU
		{A3DB3196-C78C-4B76-854B-4F1CCDA26E8F}.Release|Any CPU.Build.0 = Release|Any CPU
		{8EC13B28-BCCC-49C1-95F4-9982B6EAB7E2}.Debug|Any CPU.ActiveCfg = Debug|Any CPU
		{8EC13B28-BCCC-49C1-95F4-9982B6EAB7E2}.Debug|Any CPU.Build.0 = Debug|Any CPU
		{8EC13B28-BCCC-49C1-95F4-9982B6EAB7E2}.Release|Any CPU.ActiveCfg = Release|Any CPU
		{8EC13B28-BCCC-49C1-95F4-9982B6EAB7E2}.Release|Any CPU.Build.0 = Release|Any CPU
	EndGlobalSection
	GlobalSection(SolutionProperties) = preSolution
		HideSolutionNode = FALSE
	EndGlobalSection
EndGlobal
